{
  "name": "my-lib",
  "version": "0.0.1",
  "lockfileVersion": 1,
  "requires": true,
  "dependencies": {
    "ng-lazyload-image": {
      "version": "8.0.1",
      "resolved": "https://registry.npmjs.org/ng-lazyload-image/-/ng-lazyload-image-8.0.1.tgz",
      "integrity": "sha512-x4zV6BJn5+0FilS16aVkWYBefLOVYE4d5trbw3voe6p2VYPcKmBSvjkKYTghyMYY2segGjnIsKDEfG0WoSOIEA==",
      "dev": true
    },
    "tslib": {
      "version": "1.13.0",
      "resolved": "https://registry.npmjs.org/tslib/-/tslib-1.13.0.tgz",
      "integrity": "sha512-i/6DQjL8Xf3be4K/E6Wgpekn5Qasl1usyw++dAA35Ue5orEn65VIxOA+YvNNl9HV3qv70T7CNwjODHZrLwvd1Q=="
    }
  }
}
